
Microsoft Visual Studio Solution File, Format Version 12.00
# Visual Studio Version 17
VisualStudioVersion = 17.5.002.0
MinimumVisualStudioVersion = 10.0.40219.1
Project("{9A19103F-16F7-4668-BE54-9A1E7A4F7556}") = "Payments", "Payments\Payments.csproj", "{B2615DB3-FE8B-401A-AF08-1C518732D55D}"
EndProject
Global
	GlobalSection(SolutionConfigurationPlatforms) = preSolution
		Debug|Any CPU = Debug|Any CPU
		Release|Any CPU = Release|Any CPU
	EndGlobalSection
	GlobalSection(ProjectConfigurationPlatforms) = postSolution
		{B2615DB3-FE8B-401A-AF08-1C518732D55D}.Debug|Any CPU.ActiveCfg = Debug|Any CPU
		{B2615DB3-FE8B-401A-AF08-1C518732D55D}.Debug|Any CPU.Build.0 = Debug|Any CPU
		{B2615DB3-FE8B-401A-AF08-1C518732D55D}.Release|Any CPU.ActiveCfg = Release|Any CPU
		{B2615DB3-FE8B-401A-AF08-1C518732D55D}.Release|Any CPU.Build.0 = Release|Any CPU
	EndGlobalSection
	GlobalSection(SolutionProperties) = preSolution
		HideSolutionNode = FALSE
	EndGlobalSection
	GlobalSection(ExtensibilityGlobals) = postSolution
		SolutionGuid = {51183AE0-1DEE-45A9-9B5C-B5C3114A85A2}
	EndGlobalSection
EndGlobal
